
Microsoft Visual Studio Solution File, Format Version 12.00
# Visual Studio 15
VisualStudioVersion = 15.0.27703.2000
MinimumVisualStudioVersion = 10.0.40219.1
Project("{FAE04EC0-301F-11D3-BF4B-00C04F79EFBC}") = "SampleLoopsAssesment", "SampleLoopsAssesment\SampleLoopsAssesment.csproj", "{76F40258-28AC-424B-A612-8BBCFBADFFFD}"
EndProject
Global
	GlobalSection(SolutionConfigurationPlatforms) = preSolution
		Debug|Any CPU = Debug|Any CPU
		Release|Any CPU = Release|Any CPU
	EndGlobalSection
	GlobalSection(ProjectConfigurationPlatforms) = postSolution
		{76F40258-28AC-424B-A612-8BBCFBADFFFD}.Debug|Any CPU.ActiveCfg = Debug|Any CPU
		{76F40258-28AC-424B-A612-8BBCFBADFFFD}.Debug|Any CPU.Build.0 = Debug|Any CPU
		{76F40258-28AC-424B-A612-8BBCFBADFFFD}.Release|Any CPU.ActiveCfg = Release|Any CPU
		{76F40258-28AC-424B-A612-8BBCFBADFFFD}.Release|Any CPU.Build.0 = Release|Any CPU
	EndGlobalSection
	GlobalSection(SolutionProperties) = preSolution
		HideSolutionNode = FALSE
	EndGlobalSection
	GlobalSection(ExtensibilityGlobals) = postSolution
		SolutionGuid = {B98809EA-F2D3-42C4-92EE-472964E2DF0A}
	EndGlobalSection
EndGlobal
